{
  "name": "rx-data-service",
  "version": "3.0.3",
  "lockfileVersion": 1,
  "requires": true,
  "dependencies": {
    "@types/lodash": {
      "version": "4.14.136",
      "resolved": "https://registry.npmjs.org/@types/lodash/-/lodash-4.14.136.tgz",
      "integrity": "sha512-0GJhzBdvsW2RUccNHOBkabI8HZVdOXmXbXhuKlDEd5Vv12P7oAVGfomGp3Ne21o5D/qu1WmthlNKFaoZJJeErA=="
    },
    "@types/lodash.clonedeep": {
      "version": "4.5.6",
      "resolved": "https://registry.npmjs.org/@types/lodash.clonedeep/-/lodash.clonedeep-4.5.6.tgz",
      "integrity": "sha512-cE1jYr2dEg1wBImvXlNtp0xDoS79rfEdGozQVgliDZj1uERH4k+rmEMTudP9b4VQ8O6nRb5gPqft0QzEQGMQgA==",
      "dev": true,
      "requires": {
        "@types/lodash": "*"
      }
    },
    "@types/lodash.get": {
      "version": "4.4.6",
      "resolved": "https://registry.npmjs.org/@types/lodash.get/-/lodash.get-4.4.6.tgz",
      "integrity": "sha512-E6zzjR3GtNig8UJG/yodBeJeIOtgPkMgsLjDU3CbgCAPC++vJ0eCMnJhVpRZb/ENqEFlov1+3K9TKtY4UdWKtQ==",
      "dev": true,
      "requires": {
        "@types/lodash": "*"
      }
    },
    "@types/lodash.isequal": {
      "version": "4.5.5",
      "resolved": "https://registry.npmjs.org/@types/lodash.isequal/-/lodash.isequal-4.5.5.tgz",
      "integrity": "sha512-4IKbinG7MGP131wRfceK6W4E/Qt3qssEFLF30LnJbjYiSfHGGRU/Io8YxXrZX109ir+iDETC8hw8QsDijukUVg==",
      "dev": true,
      "requires": {
        "@types/lodash": "*"
      }
    },
    "@types/lodash.merge": {
      "version": "4.6.6",
      "resolved": "https://registry.npmjs.org/@types/lodash.merge/-/lodash.merge-4.6.6.tgz",
      "integrity": "sha512-IB90krzMf7YpfgP3u/EvZEdXVvm4e3gJbUvh5ieuI+o+XqiNEt6fCzqNRaiLlPVScLI59RxIGZMQ3+Ko/DJ8vQ==",
      "dev": true,
      "requires": {
        "@types/lodash": "*"
      }
    },
    "@types/lodash.mergewith": {
      "version": "4.6.6",
      "resolved": "https://registry.npmjs.org/@types/lodash.mergewith/-/lodash.mergewith-4.6.6.tgz",
      "integrity": "sha512-RY/8IaVENjG19rxTZu9Nukqh0W2UrYgmBj5sdns4hWRZaV8PqR7wIKHFKzvOTjo4zVRV7sVI+yFhAJql12Kfqg==",
      "requires": {
        "@types/lodash": "*"
      }
    },
    "@types/lodash.random": {
      "version": "3.2.6",
      "resolved": "https://registry.npmjs.org/@types/lodash.random/-/lodash.random-3.2.6.tgz",
      "integrity": "sha512-RRr0pKm+3USvG/HTkuRKA8v2EqXu19VXC09j4VL2UQec8Yx8Fn6wYTPGjYdmX4UFd23ykS7SLFkiULS/rv8kTA==",
      "dev": true,
      "requires": {
        "@types/lodash": "*"
      }
    },
    "@types/lodash.reject": {
      "version": "4.6.6",
      "resolved": "https://registry.npmjs.org/@types/lodash.reject/-/lodash.reject-4.6.6.tgz",
      "integrity": "sha512-rMsBoogO292gRTnc4lRSFRC0T80fB4bw0K5laOiQlI1Tyrz/DViygkhiudxeVDynvq5/6mX+3/pY5eqlylgZ5A==",
      "dev": true,
      "requires": {
        "@types/lodash": "*"
      }
    },
    "@types/lodash.remove": {
      "version": "4.7.6",
      "resolved": "https://registry.npmjs.org/@types/lodash.remove/-/lodash.remove-4.7.6.tgz",
      "integrity": "sha512-RPZHKzbDu5vqdySn4LwYcg31tdGA0eoRiggzUgHGofRtm2VDp/junkHSmfkExZzmrSFfoqpXawE+ojUuN78YLw==",
      "dev": true,
      "requires": {
        "@types/lodash": "*"
      }
    },
    "@types/lodash.some": {
      "version": "4.6.6",
      "resolved": "https://registry.npmjs.org/@types/lodash.some/-/lodash.some-4.6.6.tgz",
      "integrity": "sha512-7MNJlK+WU2udp6QhxWDp3e05cjYq1v34JMpVVucal7XcZSlC1mZS3Gvdo/z/rL9CZgXXhoGvXerkfT+B8AfZEg==",
      "dev": true,
      "requires": {
        "@types/lodash": "*"
      }
    },
    "lodash.clonedeep": {
      "version": "4.5.0",
      "resolved": "https://registry.npmjs.org/lodash.clonedeep/-/lodash.clonedeep-4.5.0.tgz",
      "integrity": "sha1-4j8/nE+Pvd6HJSnBBxhXoIblzO8="
    },
    "lodash.get": {
      "version": "4.4.2",
      "resolved": "https://registry.npmjs.org/lodash.get/-/lodash.get-4.4.2.tgz",
      "integrity": "sha1-LRd/ZS+jHpObRDjVNBSZ36OCXpk="
    },
    "lodash.isequal": {
      "version": "4.5.0",
      "resolved": "https://registry.npmjs.org/lodash.isequal/-/lodash.isequal-4.5.0.tgz",
      "integrity": "sha1-QVxEePK8wwEgwizhDtMib30+GOA="
    },
    "lodash.merge": {
      "version": "4.6.2",
      "resolved": "https://registry.npmjs.org/lodash.merge/-/lodash.merge-4.6.2.tgz",
      "integrity": "sha512-0KpjqXRVvrYyCsX1swR/XTK0va6VQkQM6MNo7PqW77ByjAhoARA8EfrP1N4+KlKj8YS0ZUCtRT/YUuhyYDujIQ=="
    },
    "lodash.mergewith": {
      "version": "4.6.2",
      "resolved": "https://registry.npmjs.org/lodash.mergewith/-/lodash.mergewith-4.6.2.tgz",
      "integrity": "sha512-GK3g5RPZWTRSeLSpgP8Xhra+pnjBC56q9FZYe1d5RN3TJ35dbkGy3YqBSMbyCrlbi+CM9Z3Jk5yTL7RCsqboyQ=="
    },
    "lodash.random": {
      "version": "3.2.0",
      "resolved": "https://registry.npmjs.org/lodash.random/-/lodash.random-3.2.0.tgz",
      "integrity": "sha1-luJOdjMzGZEw0sni/Vf5FwPMJi0="
    },
    "lodash.reject": {
      "version": "4.6.0",
      "resolved": "https://registry.npmjs.org/lodash.reject/-/lodash.reject-4.6.0.tgz",
      "integrity": "sha1-gNZJLcFHCGS79YNTO2UfQqn1JBU="
    },
    "lodash.remove": {
      "version": "4.7.0",
      "resolved": "https://registry.npmjs.org/lodash.remove/-/lodash.remove-4.7.0.tgz",
      "integrity": "sha1-8x0x58OaBpDVB07A02JxYjNO5iY="
    },
    "lodash.some": {
      "version": "4.6.0",
      "resolved": "https://registry.npmjs.org/lodash.some/-/lodash.some-4.6.0.tgz",
      "integrity": "sha1-G7nzFO9ri63tE7VJFpsqlF62jk0="
    },
    "rxjs": {
      "version": "6.5.3",
      "resolved": "https://registry.npmjs.org/rxjs/-/rxjs-6.5.3.tgz",
      "integrity": "sha512-wuYsAYYFdWTAnAaPoKGNhfpWwKZbJW+HgAJ+mImp+Epl7BG8oNWBCTyRM8gba9k4lk8BgWdoYm21Mo/RYhhbgA==",
      "requires": {
        "tslib": "^1.9.0"
      }
    },
    "tslib": {
      "version": "1.10.0",
      "resolved": "https://registry.npmjs.org/tslib/-/tslib-1.10.0.tgz",
      "integrity": "sha512-qOebF53frne81cf0S9B41ByenJ3/IuH8yJKngAX35CmiZySA0khhkovshKK+jGCaMnVomla7gVlIcc3EvKPbTQ=="
    },
    "typescript": {
      "version": "3.6.4",
      "resolved": "https://registry.npmjs.org/typescript/-/typescript-3.6.4.tgz",
      "integrity": "sha512-unoCll1+l+YK4i4F8f22TaNVPRHcD9PA3yCuZ8g5e0qGqlVlJ/8FSateOLLSagn+Yg5+ZwuPkL8LFUc0Jcvksg==",
      "dev": true
    }
  }
}
